// !$*UTF8*$!
{
	archiveVersion = 1;
	classes = {
	};
	objectVersion = 56;
	objects = {

/* Begin PBXContainerItemProxy section */
		0A2E72612DBFC63900F87746 /* PBXContainerItemProxy */ = {
			isa = PBXContainerItemProxy;
			containerPortal = 0A2E724A2DBFC63800F87746 /* Project object */;
			proxyType = 1;
			remoteGlobalIDString = 0A2E72512DBFC63800F87746;
			remoteInfo = ResourceDownloader;
		};
		0A2E726B2DBFC63900F87746 /* PBXContainerItemProxy */ = {
			isa = PBXContainerItemProxy;
			containerPortal = 0A2E724A2DBFC63800F87746 /* Project object */;
			proxyType = 1;
			remoteGlobalIDString = 0A2E72512DBFC63800F87746;
			remoteInfo = ResourceDownloader;
		};
/* End PBXContainerItemProxy section */

/* Begin PBXFileReference section */
		0A2E72522DBFC63800F87746 /* ResourceDownloader.app */ = {isa = PBXFileReference; explicitFileType = wrapper.application; includeInIndex = 0; path = ResourceDownloader.app; sourceTree = BUILT_PRODUCTS_DIR; };
		0A2E72602DBFC63900F87746 /* ResourceDownloaderTests.xctest */ = {isa = PBXFileReference; explicitFileType = wrapper.cfbundle; includeInIndex = 0; path = ResourceDownloaderTests.xctest; sourceTree = BUILT_PRODUCTS_DIR; };
		0A2E726A2DBFC63900F87746 /* ResourceDownloaderUITests.xctest */ = {isa = PBXFileReference; explicitFileType = wrapper.cfbundle; includeInIndex = 0; path = ResourceDownloaderUITests.xctest; sourceTree = BUILT_PRODUCTS_DIR; };
/* End PBXFileReference section */

/* Begin PBXFileSystemSynchronizedRootGroup section */
		0A2E72542DBFC63800F87746 /* ResourceDownloader */ = {isa = PBXFileSystemSynchronizedRootGroup; explicitFileTypes = {}; explicitFolders = (); path = ResourceDownloader; sourceTree = "<group>"; };
		0A2E72632DBFC63900F87746 /* ResourceDownloaderTests */ = {isa = PBXFileSystemSynchronizedRootGroup; explicitFileTypes = {}; explicitFolders = (); path = ResourceDownloaderTests; sourceTree = "<group>"; };
		0A2E726D2DBFC63900F87746 /* ResourceDownloaderUITests */ = {isa = PBXFileSystemSynchronizedRootGroup; explicitFileTypes = {}; explicitFolders = (); path = ResourceDownloaderUITests; sourceTree = "<group>"; };
/* End PBXFileSystemSynchronizedRootGroup section */

/* Begin PBXFrameworksBuildPhase section */
		0A2E724F2DBFC63800F87746 /* Frameworks */ = {
			isa = PBXFrameworksBuildPhase;
			buildActionMask = 2147483647;
			files = (
			);
			runOnlyForDeploymentPostprocessing = 0;
		};
		0A2E725D2DBFC63900F87746 /* Frameworks */ = {
			isa = PBXFrameworksBuildPhase;
			buildActionMask = 2147483647;
			files = (
			);
			runOnlyForDeploymentPostprocessing = 0;
		};
		0A2E72672DBFC63900F87746 /* Frameworks */ = {
			isa = PBXFrameworksBuildPhase;
			buildActionMask = 2147483647;
			files = (
			);
			runOnlyForDeploymentPostprocessing = 0;
		};
/* End PBXFrameworksBuildPhase section */

/* Begin PBXGroup section */
		0A2E72492DBFC63800F87746 = {
			isa = PBXGroup;
			children = (
				0A2E72542DBFC63800F87746 /* ResourceDownloader */,
				0A2E72632DBFC63900F87746 /* ResourceDownloaderTests */,
				0A2E726D2DBFC63900F87746 /* ResourceDownloaderUITests */,
				0A2E72532DBFC63800F87746 /* Products */,
			);
			sourceTree = "<group>";
		};
		0A2E72532DBFC63800F87746 /* Products */ = {
			isa = PBXGroup;
			children = (
				0A2E72522DBFC63800F87746 /* ResourceDownloader.app */,
				0A2E72602DBFC63900F87746 /* ResourceDownloaderTests.xctest */,
				0A2E726A2DBFC63900F87746 /* ResourceDownloaderUITests.xctest */,
			);
			name = Products;
			sourceTree = "<group>";
		};
/* End PBXGroup section */

/* Begin PBXNativeTarget section */
		0A2E72512DBFC63800F87746 /* ResourceDownloader */ = {
			isa = PBXNativeTarget;
			buildConfigurationList = 0A2E72742DBFC63900F87746 /* Build configuration list for PBXNativeTarget "ResourceDownloader" */;
			buildPhases = (
				0A2E724E2DBFC63800F87746 /* Sources */,
				0A2E724F2DBFC63800F87746 /* Frameworks */,
				0A2E72502DBFC63800F87746 /* Resources */,
			);
			buildRules = (
			);
			dependencies = (
			);
			fileSystemSynchronizedGroups = (
				0A2E72542DBFC63800F87746 /* ResourceDownloader */,
			);
			name = ResourceDownloader;
			packageProductDependencies = (
			);
			productName = ResourceDownloader;
			productReference = 0A2E72522DBFC63800F87746 /* ResourceDownloader.app */;
			productType = "com.apple.product-type.application";
		};
		0A2E725F2DBFC63900F87746 /* ResourceDownloaderTests */ = {
			isa = PBXNativeTarget;
			buildConfigurationList = 0A2E72772DBFC63900F87746 /* Build configuration list for PBXNativeTarget "ResourceDownloaderTests" */;
			buildPhases = (
				0A2E725C2DBFC63900F87746 /* Sources */,
				0A2E725D2DBFC63900F87746 /* Frameworks */,
				0A2E725E2DBFC63900F87746 /* Resources */,
			);
			buildRules = (
			);
			dependencies = (
				0A2E72622DBFC63900F87746 /* PBXTargetDependency */,
			);
			fileSystemSynchronizedGroups = (
				0A2E72632DBFC63900F87746 /* ResourceDownloaderTests */,
			);
			name = ResourceDownloaderTests;
			packageProductDependencies = (
			);
			productName = ResourceDownloaderTests;
			productReference = 0A2E72602DBFC63900F87746 /* ResourceDownloaderTests.xctest */;
			productType = "com.apple.product-type.bundle.unit-test";
		};
		0A2E72692DBFC63900F87746 /* ResourceDownloaderUITests */ = {
			isa = PBXNativeTarget;
			buildConfigurationList = 0A2E727A2DBFC63900F87746 /* Build configuration list for PBXNativeTarget "ResourceDownloaderUITests" */;
			buildPhases = (
				0A2E72662DBFC63900F87746 /* Sources */,
				0A2E72672DBFC63900F87746 /* Frameworks */,
				0A2E72682DBFC63900F87746 /* Resources */,
			);
			buildRules = (
			);
			dependencies = (
				0A2E726C2DBFC63900F87746 /* PBXTargetDependency */,
			);
			fileSystemSynchronizedGroups = (
				0A2E726D2DBFC63900F87746 /* ResourceDownloaderUITests */,
			);
			name = ResourceDownloaderUITests;
			packageProductDependencies = (
			);
			productName = ResourceDownloaderUITests;
			productReference = 0A2E726A2DBFC63900F87746 /* ResourceDownloaderUITests.xctest */;
			productType = "com.apple.product-type.bundle.ui-testing";
		};
/* End PBXNativeTarget section */

/* Begin PBXProject section */
		0A2E724A2DBFC63800F87746 /* Project object */ = {
			isa = PBXProject;
			attributes = {
				BuildIndependentTargetsInParallel = 1;
				LastSwiftUpdateCheck = 1630;
				LastUpgradeCheck = 1630;
				TargetAttributes = {
					0A2E72512DBFC63800F87746 = {
						CreatedOnToolsVersion = 16.3;
					};
					0A2E725F2DBFC63900F87746 = {
						CreatedOnToolsVersion = 16.3;
						TestTargetID = 0A2E72512DBFC63800F87746;
					};
					0A2E72692DBFC63900F87746 = {
						CreatedOnToolsVersion = 16.3;
						TestTargetID = 0A2E72512DBFC63800F87746;
					};
				};
			};
			buildConfigurationList = 0A2E724D2DBFC63800F87746 /* Build configuration list for PBXProject "ResourceDownloader" */;
			compatibilityVersion = "Xcode 12.0";
			developmentRegion = en;
			hasScannedForEncodings = 0;
			knownRegions = (
				en,
				Base,
			);
			mainGroup = 0A2E72492DBFC63800F87746;
			minimizedProjectReferenceProxies = 1;
			productRefGroup = 0A2E72532DBFC63800F87746 /* Products */;
			projectDirPath = "";
			projectRoot = "";
			targets = (
				0A2E72512DBFC63800F87746 /* ResourceDownloader */,
				0A2E725F2DBFC63900F87746 /* ResourceDownloaderTests */,
				0A2E72692DBFC63900F87746 /* ResourceDownloaderUITests */,
			);
		};
/* End PBXProject section */

/* Begin PBXResourcesBuildPhase section */
		0A2E72502DBFC63800F87746 /* Resources */ = {
			isa = PBXResourcesBuildPhase;
			buildActionMask = 2147483647;
			files = (
			);
			runOnlyForDeploymentPostprocessing = 0;
		};
		0A2E725E2DBFC63900F87746 /* Resources */ = {
			isa = PBXResourcesBuildPhase;
			buildActionMask = 2147483647;
			files = (
			);
			runOnlyForDeploymentPostprocessing = 0;
		};
		0A2E72682DBFC63900F87746 /* Resources */ = {
			isa = PBXResourcesBuildPhase;
			buildActionMask = 2147483647;
			files = (
			);
			runOnlyForDeploymentPostprocessing = 0;
		};
/* End PBXResourcesBuildPhase section */

/* Begin PBXSourcesBuildPhase section */
		0A2E724E2DBFC63800F87746 /* Sources */ = {
			isa = PBXSourcesBuildPhase;
			buildActionMask = 2147483647;
			files = (
			);
			runOnlyForDeploymentPostprocessing = 0;
		};
		0A2E725C2DBFC63900F87746 /* Sources */ = {
			isa = PBXSourcesBuildPhase;
			buildActionMask = 2147483647;
			files = (
			);
			runOnlyForDeploymentPostprocessing = 0;
		};
		0A2E72662DBFC63900F87746 /* Sources */ = {
			isa = PBXSourcesBuildPhase;
			buildActionMask = 2147483647;
			files = (
			);
			runOnlyForDeploymentPostprocessing = 0;
		};
/* End PBXSourcesBuildPhase section */

/* Begin PBXTargetDependency section */
		0A2E72622DBFC63900F87746 /* PBXTargetDependency */ = {
			isa = PBXTargetDependency;
			target = 0A2E72512DBFC63800F87746 /* ResourceDownloader */;
			targetProxy = 0A2E72612DBFC63900F87746 /* PBXContainerItemProxy */;
		};
		0A2E726C2DBFC63900F87746 /* PBXTargetDependency */ = {
			isa = PBXTargetDependency;
			target = 0A2E72512DBFC63800F87746 /* ResourceDownloader */;
			targetProxy = 0A2E726B2DBFC63900F87746 /* PBXContainerItemProxy */;
		};
/* End PBXTargetDependency section */

/* Begin XCBuildConfiguration section */
		0A2E72722DBFC63900F87746 /* Debug */ = {
			isa = XCBuildConfiguration;
			buildSettings = {
				ALWAYS_SEARCH_USER_PATHS = NO;
				ASSETCATALOG_COMPILER_GENERATE_SWIFT_ASSET_SYMBOL_EXTENSIONS = YES;
				CLANG_ANALYZER_NONNULL = YES;
				CLANG_ANALYZER_NUMBER_OBJECT_CONVERSION = YES_AGGRESSIVE;
				CLANG_CXX_LANGUAGE_STANDARD = "gnu++20";
				CLANG_ENABLE_MODULES = YES;
				CLANG_ENABLE_OBJC_ARC = YES;
				CLANG_ENABLE_OBJC_WEAK = YES;
				CLANG_WARN_BLOCK_CAPTURE_AUTORELEASING = YES;
				CLANG_WARN_BOOL_CONVERSION = YES;
				CLANG_WARN_COMMA = YES;
				CLANG_WARN_CONSTANT_CONVERSION = YES;
				CLANG_WARN_DEPRECATED_OBJC_IMPLEMENTATIONS = YES;
				CLANG_WARN_DIRECT_OBJC_ISA_USAGE = YES_ERROR;
				CLANG_WARN_DOCUMENTATION_COMMENTS = YES;
				CLANG_WARN_EMPTY_BODY = YES;
				CLANG_WARN_ENUM_CONVERSION = YES;
				CLANG_WARN_INFINITE_RECURSION = YES;
				CLANG_WARN_INT_CONVERSION = YES;
				CLANG_WARN_NON_LITERAL_NULL_CONVERSION = YES;
				CLANG_WARN_OBJC_IMPLICIT_RETAIN_SELF = YES;
				CLANG_WARN_OBJC_LITERAL_CONVERSION = YES;
				CLANG_WARN_OBJC_ROOT_CLASS = YES_ERROR;
				CLANG_WARN_QUOTED_INCLUDE_IN_FRAMEWORK_HEADER = YES;
				CLANG_WARN_RANGE_LOOP_ANALYSIS = YES;
				CLANG_WARN_STRICT_PROTOTYPES = YES;
				CLANG_WARN_SUSPICIOUS_MOVE = YES;
				CLANG_WARN_UNGUARDED_AVAILABILITY = YES_AGGRESSIVE;
				CLANG_WARN_UNREACHABLE_CODE = YES;
				CLANG_WARN__DUPLICATE_METHOD_MATCH = YES;
				COPY_PHASE_STRIP = NO;
				DEBUG_INFORMATION_FORMAT = dwarf;
				ENABLE_STRICT_OBJC_MSGSEND = YES;
				ENABLE_TESTABILITY = YES;
				ENABLE_USER_SCRIPT_SANDBOXING = YES;
				GCC_C_LANGUAGE_STANDARD = gnu17;
				GCC_DYNAMIC_NO_PIC = NO;
				GCC_NO_COMMON_BLOCKS = YES;
				GCC_OPTIMIZATION_LEVEL = 0;
				GCC_PREPROCESSOR_DEFINITIONS = (
					"DEBUG=1",
					"$(inherited)",
				);
				GCC_WARN_64_TO_32_BIT_CONVERSION = YES;
				GCC_WARN_ABOUT_RETURN_TYPE = YES_ERROR;
				GCC_WARN_UNDECLARED_SELECTOR = YES;
				GCC_WARN_UNINITIALIZED_AUTOS = YES_AGGRESSIVE;
				GCC_WARN_UNUSED_FUNCTION = YES;
				GCC_WARN_UNUSED_VARIABLE = YES;
				LOCALIZATION_PREFERS_STRING_CATALOGS = YES;
				MACOSX_DEPLOYMENT_TARGET = 15.2;
				MTL_ENABLE_DEBUG_INFO = INCLUDE_SOURCE;
				MTL_FAST_MATH = YES;
				ONLY_ACTIVE_ARCH = YES;
				SDKROOT = macosx;
				SWIFT_ACTIVE_COMPILATION_CONDITIONS = "DEBUG $(inherited)";
				SWIFT_OPTIMIZATION_LEVEL = "-Onone";
			};
			name = Debug;
		};
		0A2E72732DBFC63900F87746 /* Release */ = {
			isa = XCBuildConfiguration;
			buildSettings = {
				ALWAYS_SEARCH_USER_PATHS = NO;
				ASSETCATALOG_COMPILER_GENERATE_SWIFT_ASSET_SYMBOL_EXTENSIONS = YES;
				CLANG_ANALYZER_NONNULL = YES;
				CLANG_ANALYZER_NUMBER_OBJECT_CONVERSION = YES_AGGRESSIVE;
				CLANG_CXX_LANGUAGE_STANDARD = "gnu++20";
				CLANG_ENABLE_MODULES = YES;
				CLANG_ENABLE_OBJC_ARC = YES;
				CLANG_ENABLE_OBJC_WEAK = YES;
				CLANG_WARN_BLOCK_CAPTURE_AUTORELEASING = YES;
				CLANG_WARN_BOOL_CONVERSION = YES;
				CLANG_WARN_COMMA = YES;
				CLANG_WARN_CONSTANT_CONVERSION = YES;
				CLANG_WARN_DEPRECATED_OBJC_IMPLEMENTATIONS = YES;
				CLANG_WARN_DIRECT_OBJC_ISA_USAGE = YES_ERROR;
				CLANG_WARN_DOCUMENTATION_COMMENTS = YES;
				CLANG_WARN_EMPTY_BODY = YES;
				CLANG_WARN_ENUM_CONVERSION = YES;
				CLANG_WARN_INFINITE_RECURSION = YES;
				CLANG_WARN_INT_CONVERSION = YES;
				CLANG_WARN_NON_LITERAL_NULL_CONVERSION = YES;
				CLANG_WARN_OBJC_IMPLICIT_RETAIN_SELF = YES;
				CLANG_WARN_OBJC_LITERAL_CONVERSION = YES;
				CLANG_WARN_OBJC_ROOT_CLASS = YES_ERROR;
				CLANG_WARN_QUOTED_INCLUDE_IN_FRAMEWORK_HEADER = YES;
				CLANG_WARN_RANGE_LOOP_ANALYSIS = YES;
				CLANG_WARN_STRICT_PROTOTYPES = YES;
				CLANG_WARN_SUSPICIOUS_MOVE = YES;
				CLANG_WARN_UNGUARDED_AVAILABILITY = YES_AGGRESSIVE;
				CLANG_WARN_UNREACHABLE_CODE = YES;
				CLANG_WARN__DUPLICATE_METHOD_MATCH = YES;
				COPY_PHASE_STRIP = NO;
				DEBUG_INFORMATION_FORMAT = "dwarf-with-dsym";
				ENABLE_NS_ASSERTIONS = NO;
				ENABLE_STRICT_OBJC_MSGSEND = YES;
				ENABLE_USER_SCRIPT_SANDBOXING = YES;
				GCC_C_LANGUAGE_STANDARD = gnu17;
				GCC_NO_COMMON_BLOCKS = YES;
				GCC_WARN_64_TO_32_BIT_CONVERSION = YES;
				GCC_WARN_ABOUT_RETURN_TYPE = YES_ERROR;
				GCC_WARN_UNDECLARED_SELECTOR = YES;
				GCC_WARN_UNINITIALIZED_AUTOS = YES_AGGRESSIVE;
				GCC_WARN_UNUSED_FUNCTION = YES;
				GCC_WARN_UNUSED_VARIABLE = YES;
				LOCALIZATION_PREFERS_STRING_CATALOGS = YES;
				MACOSX_DEPLOYMENT_TARGET = 15.2;
				MTL_ENABLE_DEBUG_INFO = NO;
				MTL_FAST_MATH = YES;
				SDKROOT = macosx;
				SWIFT_COMPILATION_MODE = wholemodule;
			};
			name = Release;
		};
		0A2E72752DBFC63900F87746 /* Debug */ = {
			isa = XCBuildConfiguration;
			buildSettings = {
				ASSETCATALOG_COMPILER_APPICON_NAME = AppIcon;
				ASSETCATALOG_COMPILER_GLOBAL_ACCENT_COLOR_NAME = AccentColor;
				CODE_SIGN_ENTITLEMENTS = ResourceDownloader/ResourceDownloader.entitlements;
				CODE_SIGN_STYLE = Automatic;
				COMBINE_HIDPI_IMAGES = YES;
				CURRENT_PROJECT_VERSION = 1;
				ENABLE_PREVIEWS = YES;
				GENERATE_INFOPLIST_FILE = YES;
				INFOPLIST_KEY_NSHumanReadableCopyright = "";
				LD_RUNPATH_SEARCH_PATHS = (
					"$(inherited)",
					"@executable_path/../Frameworks",
				);
				MACOSX_DEPLOYMENT_TARGET = 12.4;
				MARKETING_VERSION = 1.0;
				PRODUCT_BUNDLE_IDENTIFIER = org.audacity.ResourceDownloader;
				PRODUCT_NAME = "$(TARGET_NAME)";
				REGISTER_APP_GROUPS = YES;
				SWIFT_EMIT_LOC_STRINGS = YES;
				SWIFT_VERSION = 5.0;
			};
			name = Debug;
		};
		0A2E72762DBFC63900F87746 /* Release */ = {
			isa = XCBuildConfiguration;
			buildSettings = {
				ASSETCATALOG_COMPILER_APPICON_NAME = AppIcon;
				ASSETCATALOG_COMPILER_GLOBAL_ACCENT_COLOR_NAME = AccentColor;
				CODE_SIGN_ENTITLEMENTS = ResourceDownloader/ResourceDownloader.entitlements;
				CODE_SIGN_STYLE = Automatic;
				COMBINE_HIDPI_IMAGES = YES;
				CURRENT_PROJECT_VERSION = 1;
				ENABLE_PREVIEWS = YES;
				GENERATE_INFOPLIST_FILE = YES;
				INFOPLIST_KEY_NSHumanReadableCopyright = "";
				LD_RUNPATH_SEARCH_PATHS = (
					"$(inherited)",
					"@executable_path/../Frameworks",
				);
				MACOSX_DEPLOYMENT_TARGET = 12.4;
				MARKETING_VERSION = 1.0;
				PRODUCT_BUNDLE_IDENTIFIER = org.audacity.ResourceDownloader;
				PRODUCT_NAME = "$(TARGET_NAME)";
				REGISTER_APP_GROUPS = YES;
				SWIFT_EMIT_LOC_STRINGS = YES;
				SWIFT_VERSION = 5.0;
			};
			name = Release;
		};
		0A2E72782DBFC63900F87746 /* Debug */ = {
			isa = XCBuildConfiguration;
			buildSettings = {
				BUNDLE_LOADER = "$(TEST_HOST)";
				"CODE_SIGN_IDENTITY[sdk=macosx*]" = "-";
				CODE_SIGN_STYLE = Automatic;
				CURRENT_PROJECT_VERSION = 1;
				GENERATE_INFOPLIST_FILE = YES;
				MACOSX_DEPLOYMENT_TARGET = 15.2;
				MARKETING_VERSION = 1.0;
				PRODUCT_BUNDLE_IDENTIFIER = org.audacity.ResourceDownloaderTests;
				PRODUCT_NAME = "$(TARGET_NAME)";
				SWIFT_EMIT_LOC_STRINGS = NO;
				SWIFT_VERSION = 5.0;
				TEST_HOST = "$(BUILT_PRODUCTS_DIR)/ResourceDownloader.app/$(BUNDLE_EXECUTABLE_FOLDER_PATH)/ResourceDownloader";
			};
			name = Debug;
		};
		0A2E72792DBFC63900F87746 /* Release */ = {
			isa = XCBuildConfiguration;
			buildSettings = {
				BUNDLE_LOADER = "$(TEST_HOST)";
				"CODE_SIGN_IDENTITY[sdk=macosx*]" = "-";
				CODE_SIGN_STYLE = Automatic;
				CURRENT_PROJECT_VERSION = 1;
				GENERATE_INFOPLIST_FILE = YES;
				MACOSX_DEPLOYMENT_TARGET = 15.2;
				MARKETING_VERSION = 1.0;
				PRODUCT_BUNDLE_IDENTIFIER = org.audacity.ResourceDownloaderTests;
				PRODUCT_NAME = "$(TARGET_NAME)";
				SWIFT_EMIT_LOC_STRINGS = NO;
				SWIFT_VERSION = 5.0;
				TEST_HOST = "$(BUILT_PRODUCTS_DIR)/ResourceDownloader.app/$(BUNDLE_EXECUTABLE_FOLDER_PATH)/ResourceDownloader";
			};
			name = Release;
		};
		0A2E727B2DBFC63900F87746 /* Debug */ = {
			isa = XCBuildConfiguration;
			buildSettings = {
				CODE_SIGN_STYLE = Automatic;
				CURRENT_PROJECT_VERSION = 1;
				GENERATE_INFOPLIST_FILE = YES;
				MARKETING_VERSION = 1.0;
				PRODUCT_BUNDLE_IDENTIFIER = org.audacity.ResourceDownloaderUITests;
				PRODUCT_NAME = "$(TARGET_NAME)";
				SWIFT_EMIT_LOC_STRINGS = NO;
				SWIFT_VERSION = 5.0;
				TEST_TARGET_NAME = ResourceDownloader;
			};
			name = Debug;
		};
		0A2E727C2DBFC63900F87746 /* Release */ = {
			isa = XCBuildConfiguration;
			buildSettings = {
				CODE_SIGN_STYLE = Automatic;
				CURRENT_PROJECT_VERSION = 1;
				GENERATE_INFOPLIST_FILE = YES;
				MARKETING_VERSION = 1.0;
				PRODUCT_BUNDLE_IDENTIFIER = org.audacity.ResourceDownloaderUITests;
				PRODUCT_NAME = "$(TARGET_NAME)";
				SWIFT_EMIT_LOC_STRINGS = NO;
				SWIFT_VERSION = 5.0;
				TEST_TARGET_NAME = ResourceDownloader;
			};
			name = Release;
		};
/* End XCBuildConfiguration section */

/* Begin XCConfigurationList section */
		0A2E724D2DBFC63800F87746 /* Build configuration list for PBXProject "ResourceDownloader" */ = {
			isa = XCConfigurationList;
			buildConfigurations = (
				0A2E72722DBFC63900F87746 /* Debug */,
				0A2E72732DBFC63900F87746 /* Release */,
			);
			defaultConfigurationIsVisible = 0;
			defaultConfigurationName = Release;
		};
		0A2E72742DBFC63900F87746 /* Build configuration list for PBXNativeTarget "ResourceDownloader" */ = {
			isa = XCConfigurationList;
			buildConfigurations = (
				0A2E72752DBFC63900F87746 /* Debug */,
				0A2E72762DBFC63900F87746 /* Release */,
			);
			defaultConfigurationIsVisible = 0;
			defaultConfigurationName = Release;
		};
		0A2E72772DBFC63900F87746 /* Build configuration list for PBXNativeTarget "ResourceDownloaderTests" */ = {
			isa = XCConfigurationList;
			buildConfigurations = (
				0A2E72782DBFC63900F87746 /* Debug */,
				0A2E72792DBFC63900F87746 /* Release */,
			);
			defaultConfigurationIsVisible = 0;
			defaultConfigurationName = Release;
		};
		0A2E727A2DBFC63900F87746 /* Build configuration list for PBXNativeTarget "ResourceDownloaderUITests" */ = {
			isa = XCConfigurationList;
			buildConfigurations = (
				0A2E727B2DBFC63900F87746 /* Debug */,
				0A2E727C2DBFC63900F87746 /* Release */,
			);
			defaultConfigurationIsVisible = 0;
			defaultConfigurationName = Release;
		};
/* End XCConfigurationList section */
	};
	rootObject = 0A2E724A2DBFC63800F87746 /* Project object */;
}
